# Generated by conda-lock.
# platform: win-64
# input_hash: 170c081d5bd62b2ec14413eeccac7328e60e7ffce01edd3815c74341604b54fc

channels:
  - conda-forge
  - nodefaults
dependencies:
  - _openmp_mutex=4.5=2_gnu
  - brotli=1.1.0=h2466b09_3
  - brotli-bin=1.1.0=h2466b09_3
  - bzip2=1.0.8=h2466b09_7
  - ca-certificates=2025.6.15=h4c7d964_0
  - cached-property=1.5.2=hd8ed1ab_1
  - cached_property=1.5.2=pyha770c72_1
  - certifi=2025.6.15=pyhd8ed1ab_0
  - contourpy=1.3.2=py310hc19bc0b_0
  - cycler=0.12.1=pyhd8ed1ab_1
  - fonttools=4.58.4=py310h38315fa_0
  - freetype=2.13.3=h57928b3_1
  - h5py=3.14.0=nompi_py310h877c39c_100
  - hdf5=1.14.6=nompi_hd5d9e70_101
  - intel-openmp=2024.2.1=h57928b3_1083
  - kiwisolver=1.4.7=py310hc19bc0b_0
  - krb5=1.21.3=hdf4eb48_0
  - lcms2=2.17=hbcf6048_0
  - lerc=4.0.0=h6470a55_1
  - libaec=1.1.4=h20038f6_0
  - libblas=3.9.0=32_h641d27c_mkl
  - libbrotlicommon=1.1.0=h2466b09_3
  - libbrotlidec=1.1.0=h2466b09_3
  - libbrotlienc=1.1.0=h2466b09_3
  - libcblas=3.9.0=32_h5e41251_mkl
  - libcurl=8.14.1=h88aaa65_0
  - libdeflate=1.24=h76ddb4d_0
  - libexpat=2.7.0=he0c23c2_0
  - libffi=3.4.6=h537db12_1
  - libfreetype=2.13.3=h57928b3_1
  - libfreetype6=2.13.3=h0b5ce68_1
  - libgcc=15.1.0=h1383e82_2
  - libgomp=15.1.0=h1383e82_2
  - libhwloc=2.11.2=default_ha69328c_1001
  - libiconv=1.18=h135ad9c_1
  - libjpeg-turbo=3.1.0=h2466b09_0
  - liblapack=3.9.0=32_h1aa476e_mkl
  - liblzma=5.8.1=h2466b09_2
  - libpng=1.6.49=h7a4582a_0
  - libsqlite=3.50.1=hf5d6505_6
  - libssh2=1.11.1=h9aa295b_0
  - libtiff=4.7.0=h05922d8_5
  - libwebp-base=1.5.0=h3b0e114_0
  - libwinpthread=12.0.0.r4.gg4f2fc60ca=h57928b3_9
  - libxcb=1.17.0=h0e4246c_0
  - libxml2=2.13.8=h442d1da_0
  - libzlib=1.3.1=h2466b09_2
  - matplotlib-base=3.8.4=py310hadb10a8_2
  - mkl=2024.2.2=h66d3029_15
  - munkres=1.1.4=pyhd8ed1ab_1
  - numpy=1.26.4=py310hf667824_0
  - openjpeg=2.5.3=h4d64b90_0
  - openssl=3.5.0=ha4e3fda_1
  - packaging=25.0=pyh29332c3_1
  - pillow=10.3.0=py310h3e38d90_1
  - pip=25.1.1=pyh8b19718_0
  - pthread-stubs=0.4=h0e40799_1002
  - pyparsing=3.2.3=pyhd8ed1ab_1
  - python=3.10.18=h8c5b53a_0_cpython
  - python-dateutil=2.9.0.post0=pyhff2d567_1
  - python_abi=3.10=7_cp310
  - setuptools=80.9.0=pyhff2d567_0
  - six=1.17.0=pyhd8ed1ab_0
  - tbb=2021.13.0=h62715c5_1
  - tk=8.6.13=h2c6b04d_2
  - typing-extensions=4.14.0=h32cad80_0
  - typing_extensions=4.14.0=pyhe01879c_0
  - tzdata=2025b=h78e105d_0
  - ucrt=10.0.22621.0=h57928b3_1
  - unicodedata2=16.0.0=py310ha8f682b_0
  - vc=14.3=h41ae7f8_26
  - vc14_runtime=14.44.35208=h818238b_26
  - wheel=0.45.1=pyhd8ed1ab_1
  - xorg-libxau=1.0.12=h0e40799_0
  - xorg-libxdmcp=1.1.5=h0e40799_0
  - zstd=1.5.7=hbeecb71_2
  - pip:
      - annotated-types == 0.7.0 --hash=sha256:1f02e8b43a8fbbc3f3e0d4f0f4bfc8131bcb4eebe8849b8e5c773f3a1c582a53
      - geoh5py == 0.11.0 --hash=sha256:862e1ceaf08f57ff889bd80a3dee404b97083c272753e050748557b24f803c27
      - pydantic == 2.11.7 --hash=sha256:dde5df002701f6de26248661f6835bbe296a47bf73990135c7d07ce741b9623b
      - pydantic-core == 2.33.2 --hash=sha256:b0379a2b24882fef529ec3b4987cb5d003b9cda32256024e6fe1586ac45fc640
      - typing-inspection == 0.4.1 --hash=sha256:389055682238f53b04f7badcb49b989835495a96700ced5dab2d8feae4b26f51

variables:
  KMP_WARNINGS: 0
